
Microsoft Visual Studio Solution File, Format Version 12.00
# Visual Studio Version 17
VisualStudioVersion = 17.11.35222.181
MinimumVisualStudioVersion = 10.0.40219.1
Project("{FAE04EC0-301F-11D3-BF4B-00C04F79EFBC}") = "Siv.Domain", "Siv.Domain\Siv.Domain.csproj", "{043DE2A2-9EC6-4453-8DEA-B1BDD644648A}"
EndProject
Project("{FAE04EC0-301F-11D3-BF4B-00C04F79EFBC}") = "Siv.Application", "Siv.Application\Siv.Application.csproj", "{9CB69864-6E1D-4400-860F-A3C3737FECAA}"
EndProject
Project("{FAE04EC0-301F-11D3-BF4B-00C04F79EFBC}") = "Siv.Persistence", "Siv.Persistence\Siv.Persistence.csproj", "{6399AC32-53BA-4F41-A33C-58367BD98179}"
EndProject
Project("{FAE04EC0-301F-11D3-BF4B-00C04F79EFBC}") = "Siv.Api.Desktop", "Siv.Api.Desktop\Siv.Api.Desktop.csproj", "{2E21AC1F-7035-4458-84F4-9E111879838B}"
EndProject
Project("{FAE04EC0-301F-11D3-BF4B-00C04F79EFBC}") = "Siv.Api.Web", "Siv.Api.Web\Siv.Api.Web.csproj", "{9C219D32-904A-463F-897A-EF867B8E6D5D}"
EndProject
Project("{FAE04EC0-301F-11D3-BF4B-00C04F79EFBC}") = "Siv.Web", "Siv.Web\Siv.Web.csproj", "{FA58381D-574E-4A84-B2EC-D9337E93F769}"
EndProject
Project("{FAE04EC0-301F-11D3-BF4B-00C04F79EFBC}") = "Siv.Desktop", "Siv.Desktop\Siv.Desktop.csproj", "{0150F96E-3580-4FE5-9470-B8ACA76532CA}"
EndProject
Project("{FAE04EC0-301F-11D3-BF4B-00C04F79EFBC}") = "Siv.Tests", "Siv.Tests\Siv.Tests.csproj", "{504094EE-5074-42A0-9D90-71EE99ACF0F1}"
EndProject
Global
	GlobalSection(SolutionConfigurationPlatforms) = preSolution
		Debug|Any CPU = Debug|Any CPU
		Debug|x64 = Debug|x64
		Debug|x86 = Debug|x86
		Release|Any CPU = Release|Any CPU
		Release|x64 = Release|x64
		Release|x86 = Release|x86
	EndGlobalSection
	GlobalSection(ProjectConfigurationPlatforms) = postSolution
		{043DE2A2-9EC6-4453-8DEA-B1BDD644648A}.Debug|Any CPU.ActiveCfg = Debug|Any CPU
		{043DE2A2-9EC6-4453-8DEA-B1BDD644648A}.Debug|Any CPU.Build.0 = Debug|Any CPU
		{043DE2A2-9EC6-4453-8DEA-B1BDD644648A}.Debug|x64.ActiveCfg = Debug|Any CPU
		{043DE2A2-9EC6-4453-8DEA-B1BDD644648A}.Debug|x64.Build.0 = Debug|Any CPU
		{043DE2A2-9EC6-4453-8DEA-B1BDD644648A}.Debug|x86.ActiveCfg = Debug|Any CPU
		{043DE2A2-9EC6-4453-8DEA-B1BDD644648A}.Debug|x86.Build.0 = Debug|Any CPU
		{043DE2A2-9EC6-4453-8DEA-B1BDD644648A}.Release|Any CPU.ActiveCfg = Release|Any CPU
		{043DE2A2-9EC6-4453-8DEA-B1BDD644648A}.Release|Any CPU.Build.0 = Release|Any CPU
		{043DE2A2-9EC6-4453-8DEA-B1BDD644648A}.Release|x64.ActiveCfg = Release|Any CPU
		{043DE2A2-9EC6-4453-8DEA-B1BDD644648A}.Release|x64.Build.0 = Release|Any CPU
		{043DE2A2-9EC6-4453-8DEA-B1BDD644648A}.Release|x86.ActiveCfg = Release|Any CPU
		{043DE2A2-9EC6-4453-8DEA-B1BDD644648A}.Release|x86.Build.0 = Release|Any CPU
		{9CB69864-6E1D-4400-860F-A3C3737FECAA}.Debug|Any CPU.ActiveCfg = Debug|Any CPU
		{9CB69864-6E1D-4400-860F-A3C3737FECAA}.Debug|Any CPU.Build.0 = Debug|Any CPU
		{9CB69864-6E1D-4400-860F-A3C3737FECAA}.Debug|x64.ActiveCfg = Debug|Any CPU
		{9CB69864-6E1D-4400-860F-A3C3737FECAA}.Debug|x64.Build.0 = Debug|Any CPU
		{9CB69864-6E1D-4400-860F-A3C3737FECAA}.Debug|x86.ActiveCfg = Debug|Any CPU
		{9CB69864-6E1D-4400-860F-A3C3737FECAA}.Debug|x86.Build.0 = Debug|Any CPU
		{9CB69864-6E1D-4400-860F-A3C3737FECAA}.Release|Any CPU.ActiveCfg = Release|Any CPU
		{9CB69864-6E1D-4400-860F-A3C3737FECAA}.Release|Any CPU.Build.0 = Release|Any CPU
		{9CB69864-6E1D-4400-860F-A3C3737FECAA}.Release|x64.ActiveCfg = Release|Any CPU
		{9CB69864-6E1D-4400-860F-A3C3737FECAA}.Release|x64.Build.0 = Release|Any CPU
		{9CB69864-6E1D-4400-860F-A3C3737FECAA}.Release|x86.ActiveCfg = Release|Any CPU
		{9CB69864-6E1D-4400-860F-A3C3737FECAA}.Release|x86.Build.0 = Release|Any CPU
		{6399AC32-53BA-4F41-A33C-58367BD98179}.Debug|Any CPU.ActiveCfg = Debug|Any CPU
		{6399AC32-53BA-4F41-A33C-58367BD98179}.Debug|Any CPU.Build.0 = Debug|Any CPU
		{6399AC32-53BA-4F41-A33C-58367BD98179}.Debug|x64.ActiveCfg = Debug|Any CPU
		{6399AC32-53BA-4F41-A33C-58367BD98179}.Debug|x64.Build.0 = Debug|Any CPU
		{6399AC32-53BA-4F41-A33C-58367BD98179}.Debug|x86.ActiveCfg = Debug|Any CPU
		{6399AC32-53BA-4F41-A33C-58367BD98179}.Debug|x86.Build.0 = Debug|Any CPU
		{6399AC32-53BA-4F41-A33C-58367BD98179}.Release|Any CPU.ActiveCfg = Release|Any CPU
		{6399AC32-53BA-4F41-A33C-58367BD98179}.Release|Any CPU.Build.0 = Release|Any CPU
		{6399AC32-53BA-4F41-A33C-58367BD98179}.Release|x64.ActiveCfg = Release|Any CPU
		{6399AC32-53BA-4F41-A33C-58367BD98179}.Release|x64.Build.0 = Release|Any CPU
		{6399AC32-53BA-4F41-A33C-58367BD98179}.Release|x86.ActiveCfg = Release|Any CPU
		{6399AC32-53BA-4F41-A33C-58367BD98179}.Release|x86.Build.0 = Release|Any CPU
		{2E21AC1F-7035-4458-84F4-9E111879838B}.Debug|Any CPU.ActiveCfg = Debug|Any CPU
		{2E21AC1F-7035-4458-84F4-9E111879838B}.Debug|Any CPU.Build.0 = Debug|Any CPU
		{2E21AC1F-7035-4458-84F4-9E111879838B}.Debug|x64.ActiveCfg = Debug|Any CPU
		{2E21AC1F-7035-4458-84F4-9E111879838B}.Debug|x64.Build.0 = Debug|Any CPU
		{2E21AC1F-7035-4458-84F4-9E111879838B}.Debug|x86.ActiveCfg = Debug|Any CPU
		{2E21AC1F-7035-4458-84F4-9E111879838B}.Debug|x86.Build.0 = Debug|Any CPU
		{2E21AC1F-7035-4458-84F4-9E111879838B}.Release|Any CPU.ActiveCfg = Release|Any CPU
		{2E21AC1F-7035-4458-84F4-9E111879838B}.Release|Any CPU.Build.0 = Release|Any CPU
		{2E21AC1F-7035-4458-84F4-9E111879838B}.Release|x64.ActiveCfg = Release|Any CPU
		{2E21AC1F-7035-4458-84F4-9E111879838B}.Release|x64.Build.0 = Release|Any CPU
		{2E21AC1F-7035-4458-84F4-9E111879838B}.Release|x86.ActiveCfg = Release|Any CPU
		{2E21AC1F-7035-4458-84F4-9E111879838B}.Release|x86.Build.0 = Release|Any CPU
		{9C219D32-904A-463F-897A-EF867B8E6D5D}.Debug|Any CPU.ActiveCfg = Debug|Any CPU
		{9C219D32-904A-463F-897A-EF867B8E6D5D}.Debug|Any CPU.Build.0 = Debug|Any CPU
		{9C219D32-904A-463F-897A-EF867B8E6D5D}.Debug|x64.ActiveCfg = Debug|Any CPU
		{9C219D32-904A-463F-897A-EF867B8E6D5D}.Debug|x64.Build.0 = Debug|Any CPU
		{9C219D32-904A-463F-897A-EF867B8E6D5D}.Debug|x86.ActiveCfg = Debug|Any CPU
		{9C219D32-904A-463F-897A-EF867B8E6D5D}.Debug|x86.Build.0 = Debug|Any CPU
		{9C219D32-904A-463F-897A-EF867B8E6D5D}.Release|Any CPU.ActiveCfg = Release|Any CPU
		{9C219D32-904A-463F-897A-EF867B8E6D5D}.Release|Any CPU.Build.0 = Release|Any CPU
		{9C219D32-904A-463F-897A-EF867B8E6D5D}.Release|x64.ActiveCfg = Release|Any CPU
		{9C219D32-904A-463F-897A-EF867B8E6D5D}.Release|x64.Build.0 = Release|Any CPU
		{9C219D32-904A-463F-897A-EF867B8E6D5D}.Release|x86.ActiveCfg = Release|Any CPU
		{9C219D32-904A-463F-897A-EF867B8E6D5D}.Release|x86.Build.0 = Release|Any CPU
		{FA58381D-574E-4A84-B2EC-D9337E93F769}.Debug|Any CPU.ActiveCfg = Debug|Any CPU
		{FA58381D-574E-4A84-B2EC-D9337E93F769}.Debug|Any CPU.Build.0 = Debug|Any CPU
		{FA58381D-574E-4A84-B2EC-D9337E93F769}.Debug|x64.ActiveCfg = Debug|Any CPU
		{FA58381D-574E-4A84-B2EC-D9337E93F769}.Debug|x64.Build.0 = Debug|Any CPU
		{FA58381D-574E-4A84-B2EC-D9337E93F769}.Debug|x86.ActiveCfg = Debug|Any CPU
		{FA58381D-574E-4A84-B2EC-D9337E93F769}.Debug|x86.Build.0 = Debug|Any CPU
		{FA58381D-574E-4A84-B2EC-D9337E93F769}.Release|Any CPU.ActiveCfg = Release|Any CPU
		{FA58381D-574E-4A84-B2EC-D9337E93F769}.Release|Any CPU.Build.0 = Release|Any CPU
		{FA58381D-574E-4A84-B2EC-D9337E93F769}.Release|x64.ActiveCfg = Release|Any CPU
		{FA58381D-574E-4A84-B2EC-D9337E93F769}.Release|x64.Build.0 = Release|Any CPU
		{FA58381D-574E-4A84-B2EC-D9337E93F769}.Release|x86.ActiveCfg = Release|Any CPU
		{FA58381D-574E-4A84-B2EC-D9337E93F769}.Release|x86.Build.0 = Release|Any CPU
		{0150F96E-3580-4FE5-9470-B8ACA76532CA}.Debug|Any CPU.ActiveCfg = Debug|Any CPU
		{0150F96E-3580-4FE5-9470-B8ACA76532CA}.Debug|Any CPU.Build.0 = Debug|Any CPU
		{0150F96E-3580-4FE5-9470-B8ACA76532CA}.Debug|x64.ActiveCfg = Debug|Any CPU
		{0150F96E-3580-4FE5-9470-B8ACA76532CA}.Debug|x64.Build.0 = Debug|Any CPU
		{0150F96E-3580-4FE5-9470-B8ACA76532CA}.Debug|x86.ActiveCfg = Debug|Any CPU
		{0150F96E-3580-4FE5-9470-B8ACA76532CA}.Debug|x86.Build.0 = Debug|Any CPU
		{0150F96E-3580-4FE5-9470-B8ACA76532CA}.Release|Any CPU.ActiveCfg = Release|Any CPU
		{0150F96E-3580-4FE5-9470-B8ACA76532CA}.Release|Any CPU.Build.0 = Release|Any CPU
		{0150F96E-3580-4FE5-9470-B8ACA76532CA}.Release|x64.ActiveCfg = Release|Any CPU
		{0150F96E-3580-4FE5-9470-B8ACA76532CA}.Release|x64.Build.0 = Release|Any CPU
		{0150F96E-3580-4FE5-9470-B8ACA76532CA}.Release|x86.ActiveCfg = Release|Any CPU
		{0150F96E-3580-4FE5-9470-B8ACA76532CA}.Release|x86.Build.0 = Release|Any CPU
		{504094EE-5074-42A0-9D90-71EE99ACF0F1}.Debug|Any CPU.ActiveCfg = Debug|Any CPU
		{504094EE-5074-42A0-9D90-71EE99ACF0F1}.Debug|Any CPU.Build.0 = Debug|Any CPU
		{504094EE-5074-42A0-9D90-71EE99ACF0F1}.Debug|x64.ActiveCfg = Debug|Any CPU
		{504094EE-5074-42A0-9D90-71EE99ACF0F1}.Debug|x64.Build.0 = Debug|Any CPU
		{504094EE-5074-42A0-9D90-71EE99ACF0F1}.Debug|x86.ActiveCfg = Debug|Any CPU
		{504094EE-5074-42A0-9D90-71EE99ACF0F1}.Debug|x86.Build.0 = Debug|Any CPU
		{504094EE-5074-42A0-9D90-71EE99ACF0F1}.Release|Any CPU.ActiveCfg = Release|Any CPU
		{504094EE-5074-42A0-9D90-71EE99ACF0F1}.Release|Any CPU.Build.0 = Release|Any CPU
		{504094EE-5074-42A0-9D90-71EE99ACF0F1}.Release|x64.ActiveCfg = Release|Any CPU
		{504094EE-5074-42A0-9D90-71EE99ACF0F1}.Release|x64.Build.0 = Release|Any CPU
		{504094EE-5074-42A0-9D90-71EE99ACF0F1}.Release|x86.ActiveCfg = Release|Any CPU
		{504094EE-5074-42A0-9D90-71EE99ACF0F1}.Release|x86.Build.0 = Release|Any CPU
	EndGlobalSection
	GlobalSection(SolutionProperties) = preSolution
		HideSolutionNode = FALSE
	EndGlobalSection
EndGlobal
